<?xml version="1.0" encoding="utf-8"?>
<Project ToolsVersion="4.0" xmlns="http://schemas.microsoft.com/developer/msbuild/2003">
  <ItemGroup>
    <Filter Include="userinterface">
      <UniqueIdentifier>{acf0a6b0-a182-48f9-b8b8-4dcfca642561}</UniqueIdentifier>
    </Filter>
    <Filter Include="userinterface\res">
      <UniqueIdentifier>{f418cf20-bd34-4d4f-be2a-b2b6ba5d8fc1}</UniqueIdentifier>
      <Extensions>rc;ico;cur;bmp;dlg;rc2;rct;bin;rgs;jpg;jpeg;jpe;manifest</Extensions>
    </Filter>
    <Filter Include="modules">
      <UniqueIdentifier>{3bc48d0f-93a4-4014-9c58-48995a7749b1}</UniqueIdentifier>
    </Filter>
    <Filter Include="userinterface\res\Generated Files">
      <UniqueIdentifier>{4cbf98c2-ac65-4961-86a1-34507b54826c}</UniqueIdentifier>
    </Filter>
    <Filter Include="modules\coff">
      <UniqueIdentifier>{38dc68c8-f3fc-4f06-ad96-c52274b0d444}</UniqueIdentifier>
    </Filter>
    <Filter Include="modules\audio">
      <UniqueIdentifier>{657c2e5a-ce6a-485f-ac8d-15ba4230a03a}</UniqueIdentifier>
    </Filter>
    <Filter Include="modules\audio\sid">
      <UniqueIdentifier>{b9994aa6-5467-4203-8fed-e2b3d0893c5b}</UniqueIdentifier>
    </Filter>
  </ItemGroup>
  <ItemGroup>
    <ClCompile Include="stdafx.cpp" />
    <ClCompile Include="App.cpp" />
    <ClCompile Include="userinterface\AboutDlg.cpp">
      <Filter>userinterface</Filter>
    </ClCompile>
    <ClCompile Include="userinterface\MainFrame.cpp">
      <Filter>userinterface</Filter>
    </ClCompile>
    <ClCompile Include="userinterface\NodeAndContentView.cpp">
      <Filter>userinterface</Filter>
    </ClCompile>
    <ClCompile Include="modules\ModuleManager.cpp">
      <Filter>modules</Filter>
    </ClCompile>
    <ClCompile Include="modules\File.cpp">
      <Filter>modules</Filter>
    </ClCompile>
    <ClCompile Include="Helper.cpp" />
    <ClCompile Include="modules\coff\CoffModule.cpp">
      <Filter>modules\coff</Filter>
    </ClCompile>
    <ClCompile Include="modules\coff\CoffReader.cpp">
      <Filter>modules\coff</Filter>
    </ClCompile>
    <ClCompile Include="userinterface\CodeTextView.cpp">
      <Filter>userinterface</Filter>
    </ClCompile>
    <ClCompile Include="modules\DisplayFormatHelper.cpp">
      <Filter>modules</Filter>
    </ClCompile>
    <ClCompile Include="modules\StructListViewNode.cpp">
      <Filter>modules</Filter>
    </ClCompile>
    <ClCompile Include="userinterface\StructListView.cpp">
      <Filter>userinterface</Filter>
    </ClCompile>
    <ClCompile Include="modules\coff\CoffHeader.cpp">
      <Filter>modules\coff</Filter>
    </ClCompile>
    <ClCompile Include="modules\CodeTextViewNode.cpp">
      <Filter>modules</Filter>
    </ClCompile>
    <ClCompile Include="modules\audio\sid\SidAudioModule.cpp">
      <Filter>modules\audio\sid</Filter>
    </ClCompile>
    <ClCompile Include="modules\audio\sid\SidFileHeader.cpp">
      <Filter>modules\audio\sid</Filter>
    </ClCompile>
    <ClCompile Include="modules\audio\sid\SidFileReader.cpp">
      <Filter>modules\audio\sid</Filter>
    </ClCompile>
  </ItemGroup>
  <ItemGroup>
    <ClInclude Include="App.hpp" />
    <ClInclude Include="stdafx.h" />
    <ClInclude Include="userinterface\AboutDlg.hpp">
      <Filter>userinterface</Filter>
    </ClInclude>
    <ClInclude Include="userinterface\resource.h">
      <Filter>userinterface</Filter>
    </ClInclude>
    <ClInclude Include="userinterface\res\Ribbon.h">
      <Filter>userinterface\res\Generated Files</Filter>
    </ClInclude>
    <ClInclude Include="..\version.hpp" />
    <ClInclude Include="userinterface\MainFrame.hpp">
      <Filter>userinterface</Filter>
    </ClInclude>
    <ClInclude Include="userinterface\NodeAndContentView.hpp">
      <Filter>userinterface</Filter>
    </ClInclude>
    <ClInclude Include="modules\ModuleManager.hpp">
      <Filter>modules</Filter>
    </ClInclude>
    <ClInclude Include="modules\IModule.hpp">
      <Filter>modules</Filter>
    </ClInclude>
    <ClInclude Include="modules\IReader.hpp">
      <Filter>modules</Filter>
    </ClInclude>
    <ClInclude Include="Helper.hpp" />
    <ClInclude Include="modules\File.hpp">
      <Filter>modules</Filter>
    </ClInclude>
    <ClInclude Include="modules\INode.hpp">
      <Filter>modules</Filter>
    </ClInclude>
    <ClInclude Include="modules\StaticNode.hpp">
      <Filter>modules</Filter>
    </ClInclude>
    <ClInclude Include="modules\coff\CoffModule.hpp">
      <Filter>modules\coff</Filter>
    </ClInclude>
    <ClInclude Include="modules\coff\CoffReader.hpp">
      <Filter>modules\coff</Filter>
    </ClInclude>
    <ClInclude Include="modules\IContentView.hpp">
      <Filter>modules</Filter>
    </ClInclude>
    <ClInclude Include="userinterface\CodeTextView.hpp">
      <Filter>userinterface</Filter>
    </ClInclude>
    <ClInclude Include="modules\coff\CoffHeader.hpp">
      <Filter>modules\coff</Filter>
    </ClInclude>
    <ClInclude Include="modules\DisplayFormatHelper.hpp">
      <Filter>modules</Filter>
    </ClInclude>
    <ClInclude Include="modules\StructListViewNode.hpp">
      <Filter>modules</Filter>
    </ClInclude>
    <ClInclude Include="userinterface\StructListView.hpp">
      <Filter>userinterface</Filter>
    </ClInclude>
    <ClInclude Include="modules\StructDefinition.hpp">
      <Filter>modules</Filter>
    </ClInclude>
    <ClInclude Include="modules\CodeTextViewNode.hpp">
      <Filter>modules</Filter>
    </ClInclude>
    <ClInclude Include="modules\audio\sid\SidAudioModule.hpp">
      <Filter>modules\audio\sid</Filter>
    </ClInclude>
    <ClInclude Include="modules\audio\sid\SidFileHeader.hpp">
      <Filter>modules\audio\sid</Filter>
    </ClInclude>
    <ClInclude Include="modules\audio\sid\SidFileReader.hpp">
      <Filter>modules\audio\sid</Filter>
    </ClInclude>
  </ItemGroup>
  <ItemGroup>
    <None Include="packages.config" />
    <None Include="userinterface\res\Ribbon.bml">
      <Filter>userinterface\res\Generated Files</Filter>
    </None>
  </ItemGroup>
  <ItemGroup>
    <ResourceCompile Include="userinterface\res\Ribbon.rc">
      <Filter>userinterface\res\Generated Files</Filter>
    </ResourceCompile>
    <ResourceCompile Include="userinterface\Resource.rc">
      <Filter>userinterface</Filter>
    </ResourceCompile>
    <ResourceCompile Include="userinterface\VersionInfo.rc">
      <Filter>userinterface</Filter>
    </ResourceCompile>
  </ItemGroup>
  <ItemGroup>
    <CustomBuild Include="userinterface\res\Ribbon.xml">
      <Filter>userinterface\res</Filter>
    </CustomBuild>
  </ItemGroup>
  <ItemGroup>
    <Image Include="userinterface\res\App.ico">
      <Filter>userinterface\res</Filter>
    </Image>
    <Image Include="userinterface\res\app_exit.bmp">
      <Filter>userinterface\res</Filter>
    </Image>
    <Image Include="userinterface\res\edit_copy.bmp">
      <Filter>userinterface\res</Filter>
    </Image>
    <Image Include="userinterface\res\file_open.bmp">
      <Filter>userinterface\res</Filter>
    </Image>
    <Image Include="userinterface\res\window_cascade.bmp">
      <Filter>userinterface\res</Filter>
    </Image>
    <Image Include="userinterface\res\window_horizontal.bmp">
      <Filter>userinterface\res</Filter>
    </Image>
    <Image Include="userinterface\res\window_vertical.bmp">
      <Filter>userinterface\res</Filter>
    </Image>
    <Image Include="userinterface\res\file_close.bmp">
      <Filter>userinterface\res</Filter>
    </Image>
    <Image Include="userinterface\res\node_library.bmp">
      <Filter>userinterface\res</Filter>
    </Image>
    <Image Include="userinterface\res\node_document.bmp">
      <Filter>userinterface\res</Filter>
    </Image>
    <Image Include="userinterface\res\module_app.bmp">
      <Filter>userinterface\res</Filter>
    </Image>
    <Image Include="userinterface\res\module_staticlib.bmp">
      <Filter>userinterface\res</Filter>
    </Image>
    <Image Include="userinterface\res\module_dynamiclib.bmp">
      <Filter>userinterface\res</Filter>
    </Image>
    <Image Include="userinterface\res\module_image.bmp">
      <Filter>userinterface\res</Filter>
    </Image>
    <Image Include="userinterface\res\module_audio.bmp">
      <Filter>userinterface\res</Filter>
    </Image>
    <Image Include="userinterface\res\module_video.bmp">
      <Filter>userinterface\res</Filter>
    </Image>
  </ItemGroup>
</Project>