<?xml version="1.0" encoding="utf-8"?>
<Project ToolsVersion="4.0" xmlns="http://schemas.microsoft.com/developer/msbuild/2003">
  <ItemGroup>
    <Filter Include="userinterface">
      <UniqueIdentifier>{acf0a6b0-a182-48f9-b8b8-4dcfca642561}</UniqueIdentifier>
    </Filter>
    <Filter Include="userinterface\res">
      <UniqueIdentifier>{f418cf20-bd34-4d4f-be2a-b2b6ba5d8fc1}</UniqueIdentifier>
      <Extensions>rc;ico;cur;bmp;dlg;rc2;rct;bin;rgs;jpg;jpeg;jpe;manifest</Extensions>
    </Filter>
    <Filter Include="modules">
      <UniqueIdentifier>{3bc48d0f-93a4-4014-9c58-48995a7749b1}</UniqueIdentifier>
    </Filter>
    <Filter Include="userinterface\res\Generated Files">
      <UniqueIdentifier>{4cbf98c2-ac65-4961-86a1-34507b54826c}</UniqueIdentifier>
    </Filter>
    <Filter Include="modules\dev\coff">
      <UniqueIdentifier>{38dc68c8-f3fc-4f06-ad96-c52274b0d444}</UniqueIdentifier>
    </Filter>
    <Filter Include="modules\dev\elf">
      <UniqueIdentifier>{b58cbd8c-9697-4c95-b450-fbef684e763c}</UniqueIdentifier>
    </Filter>
    <Filter Include="modules\dev\pe">
      <UniqueIdentifier>{6cd47a13-dc7c-4c4a-8330-988f399faee1}</UniqueIdentifier>
    </Filter>
    <Filter Include="modules\images">
      <UniqueIdentifier>{1f16c4b6-de3d-4a7a-9a21-e9d7ae2cffe0}</UniqueIdentifier>
    </Filter>
    <Filter Include="modules\images\png">
      <UniqueIdentifier>{12b2673d-c2bf-415d-bb3b-a5e9ff48e7c3}</UniqueIdentifier>
    </Filter>
    <Filter Include="modules\audio">
      <UniqueIdentifier>{657c2e5a-ce6a-485f-ac8d-15ba4230a03a}</UniqueIdentifier>
    </Filter>
    <Filter Include="modules\audio\sid">
      <UniqueIdentifier>{b9994aa6-5467-4203-8fed-e2b3d0893c5b}</UniqueIdentifier>
    </Filter>
    <Filter Include="modules\dev">
      <UniqueIdentifier>{99764e6c-b632-49bb-a342-96505770ded5}</UniqueIdentifier>
    </Filter>
  </ItemGroup>
  <ItemGroup>
    <ClCompile Include="stdafx.cpp" />
    <ClCompile Include="App.cpp" />
    <ClCompile Include="userinterface\AboutDlg.cpp">
      <Filter>userinterface</Filter>
    </ClCompile>
    <ClCompile Include="userinterface\MainFrame.cpp">
      <Filter>userinterface</Filter>
    </ClCompile>
    <ClCompile Include="userinterface\NodeAndContentView.cpp">
      <Filter>userinterface</Filter>
    </ClCompile>
    <ClCompile Include="modules\ModuleManager.cpp">
      <Filter>modules</Filter>
    </ClCompile>
    <ClCompile Include="modules\File.cpp">
      <Filter>modules</Filter>
    </ClCompile>
    <ClCompile Include="Helper.cpp" />
    <ClCompile Include="userinterface\CodeTextView.cpp">
      <Filter>userinterface</Filter>
    </ClCompile>
    <ClCompile Include="modules\DisplayFormatHelper.cpp">
      <Filter>modules</Filter>
    </ClCompile>
    <ClCompile Include="modules\images\png\PngImageModule.cpp">
      <Filter>modules\images\png</Filter>
    </ClCompile>
    <ClCompile Include="modules\StructListViewNode.cpp">
      <Filter>modules</Filter>
    </ClCompile>
    <ClCompile Include="userinterface\StructListView.cpp">
      <Filter>userinterface</Filter>
    </ClCompile>
    <ClCompile Include="modules\images\png\PngHeader.cpp">
      <Filter>modules\images\png</Filter>
    </ClCompile>
    <ClCompile Include="modules\CodeTextViewNode.cpp">
      <Filter>modules</Filter>
    </ClCompile>
    <ClCompile Include="modules\audio\sid\SidAudioModule.cpp">
      <Filter>modules\audio\sid</Filter>
    </ClCompile>
    <ClCompile Include="modules\audio\sid\SidFileHeader.cpp">
      <Filter>modules\audio\sid</Filter>
    </ClCompile>
    <ClCompile Include="modules\audio\sid\SidFileReader.cpp">
      <Filter>modules\audio\sid</Filter>
    </ClCompile>
    <ClCompile Include="modules\images\png\PngImageReader.cpp">
      <Filter>modules\images\png</Filter>
    </ClCompile>
    <ClCompile Include="modules\dev\coff\ArchiveHeader.cpp">
      <Filter>modules\dev\coff</Filter>
    </ClCompile>
    <ClCompile Include="modules\dev\coff\CoffHeader.cpp">
      <Filter>modules\dev\coff</Filter>
    </ClCompile>
    <ClCompile Include="modules\dev\coff\CoffModule.cpp">
      <Filter>modules\dev\coff</Filter>
    </ClCompile>
    <ClCompile Include="modules\dev\coff\CoffReader.cpp">
      <Filter>modules\dev\coff</Filter>
    </ClCompile>
    <ClCompile Include="modules\dev\coff\CoffSymbolTable.cpp">
      <Filter>modules\dev\coff</Filter>
    </ClCompile>
    <ClCompile Include="modules\dev\coff\SectionHeader.cpp">
      <Filter>modules\dev\coff</Filter>
    </ClCompile>
    <ClCompile Include="modules\dev\elf\ElfModule.cpp">
      <Filter>modules\dev\elf</Filter>
    </ClCompile>
    <ClCompile Include="modules\dev\pe\DosMzHeader.cpp">
      <Filter>modules\dev\pe</Filter>
    </ClCompile>
    <ClCompile Include="modules\dev\pe\PortableExecutableModule.cpp">
      <Filter>modules\dev\pe</Filter>
    </ClCompile>
    <ClCompile Include="modules\dev\pe\PortableExecutableReader.cpp">
      <Filter>modules\dev\pe</Filter>
    </ClCompile>
    <ClCompile Include="modules\dev\coff\ImportObjectHeader.cpp">
      <Filter>modules\dev\coff</Filter>
    </ClCompile>
    <ClCompile Include="modules\dev\coff\AnonymousObjectHeader.cpp">
      <Filter>modules\dev\coff</Filter>
    </ClCompile>
    <ClCompile Include="SymbolsHelper.cpp" />
    <ClCompile Include="userinterface\FilterSortListView.cpp">
      <Filter>userinterface</Filter>
    </ClCompile>
    <ClCompile Include="modules\FilterSortListViewNode.cpp">
      <Filter>modules</Filter>
    </ClCompile>
    <ClCompile Include="userinterface\FilterSortListViewForm.cpp">
      <Filter>userinterface</Filter>
    </ClCompile>
  </ItemGroup>
  <ItemGroup>
    <ClInclude Include="App.hpp" />
    <ClInclude Include="stdafx.h" />
    <ClInclude Include="userinterface\AboutDlg.hpp">
      <Filter>userinterface</Filter>
    </ClInclude>
    <ClInclude Include="userinterface\resource.h">
      <Filter>userinterface</Filter>
    </ClInclude>
    <ClInclude Include="userinterface\res\Ribbon.h">
      <Filter>userinterface\res\Generated Files</Filter>
    </ClInclude>
    <ClInclude Include="..\version.hpp" />
    <ClInclude Include="userinterface\MainFrame.hpp">
      <Filter>userinterface</Filter>
    </ClInclude>
    <ClInclude Include="userinterface\NodeAndContentView.hpp">
      <Filter>userinterface</Filter>
    </ClInclude>
    <ClInclude Include="modules\ModuleManager.hpp">
      <Filter>modules</Filter>
    </ClInclude>
    <ClInclude Include="modules\IModule.hpp">
      <Filter>modules</Filter>
    </ClInclude>
    <ClInclude Include="modules\IReader.hpp">
      <Filter>modules</Filter>
    </ClInclude>
    <ClInclude Include="Helper.hpp" />
    <ClInclude Include="modules\File.hpp">
      <Filter>modules</Filter>
    </ClInclude>
    <ClInclude Include="modules\INode.hpp">
      <Filter>modules</Filter>
    </ClInclude>
    <ClInclude Include="modules\StaticNode.hpp">
      <Filter>modules</Filter>
    </ClInclude>
    <ClInclude Include="modules\IContentView.hpp">
      <Filter>modules</Filter>
    </ClInclude>
    <ClInclude Include="userinterface\CodeTextView.hpp">
      <Filter>userinterface</Filter>
    </ClInclude>
    <ClInclude Include="modules\DisplayFormatHelper.hpp">
      <Filter>modules</Filter>
    </ClInclude>
    <ClInclude Include="modules\images\png\PngImageModule.hpp">
      <Filter>modules\images\png</Filter>
    </ClInclude>
    <ClInclude Include="modules\StructListViewNode.hpp">
      <Filter>modules</Filter>
    </ClInclude>
    <ClInclude Include="userinterface\StructListView.hpp">
      <Filter>userinterface</Filter>
    </ClInclude>
    <ClInclude Include="modules\StructDefinition.hpp">
      <Filter>modules</Filter>
    </ClInclude>
    <ClInclude Include="modules\images\png\PngHeader.hpp">
      <Filter>modules\images\png</Filter>
    </ClInclude>
    <ClInclude Include="modules\CodeTextViewNode.hpp">
      <Filter>modules</Filter>
    </ClInclude>
    <ClInclude Include="modules\audio\sid\SidAudioModule.hpp">
      <Filter>modules\audio\sid</Filter>
    </ClInclude>
    <ClInclude Include="modules\audio\sid\SidFileHeader.hpp">
      <Filter>modules\audio\sid</Filter>
    </ClInclude>
    <ClInclude Include="modules\audio\sid\SidFileReader.hpp">
      <Filter>modules\audio\sid</Filter>
    </ClInclude>
    <ClInclude Include="modules\images\png\PngImageReader.hpp">
      <Filter>modules\images\png</Filter>
    </ClInclude>
    <ClInclude Include="modules\dev\coff\ArchiveHeader.hpp">
      <Filter>modules\dev\coff</Filter>
    </ClInclude>
    <ClInclude Include="modules\dev\coff\CoffHeader.hpp">
      <Filter>modules\dev\coff</Filter>
    </ClInclude>
    <ClInclude Include="modules\dev\coff\CoffModule.hpp">
      <Filter>modules\dev\coff</Filter>
    </ClInclude>
    <ClInclude Include="modules\dev\coff\CoffReader.hpp">
      <Filter>modules\dev\coff</Filter>
    </ClInclude>
    <ClInclude Include="modules\dev\coff\CoffSymbolTable.hpp">
      <Filter>modules\dev\coff</Filter>
    </ClInclude>
    <ClInclude Include="modules\dev\coff\SectionHeader.hpp">
      <Filter>modules\dev\coff</Filter>
    </ClInclude>
    <ClInclude Include="modules\dev\elf\ElfModule.hpp">
      <Filter>modules\dev\elf</Filter>
    </ClInclude>
    <ClInclude Include="modules\dev\pe\PortableExecutableReader.hpp">
      <Filter>modules\dev\pe</Filter>
    </ClInclude>
    <ClInclude Include="modules\dev\pe\DosMzHeader.hpp">
      <Filter>modules\dev\pe</Filter>
    </ClInclude>
    <ClInclude Include="modules\dev\pe\PortableExecutableModule.hpp">
      <Filter>modules\dev\pe</Filter>
    </ClInclude>
    <ClInclude Include="modules\dev\coff\ImportObjectHeader.hpp">
      <Filter>modules\dev\coff</Filter>
    </ClInclude>
    <ClInclude Include="modules\dev\coff\AnonymousObjectHeader.hpp">
      <Filter>modules\dev\coff</Filter>
    </ClInclude>
    <ClInclude Include="SymbolsHelper.hpp" />
    <ClInclude Include="userinterface\FilterSortListView.hpp">
      <Filter>userinterface</Filter>
    </ClInclude>
    <ClInclude Include="modules\FilterSortListViewNode.hpp">
      <Filter>modules</Filter>
    </ClInclude>
    <ClInclude Include="userinterface\FilterSortListViewForm.hpp">
      <Filter>userinterface</Filter>
    </ClInclude>
  </ItemGroup>
  <ItemGroup>
    <None Include="userinterface\res\Ribbon.bml">
      <Filter>userinterface\res\Generated Files</Filter>
    </None>
    <None Include="vcpkg.json" />
    <None Include="packages.config" />
  </ItemGroup>
  <ItemGroup>
    <ResourceCompile Include="userinterface\res\Ribbon.rc">
      <Filter>userinterface\res\Generated Files</Filter>
    </ResourceCompile>
    <ResourceCompile Include="userinterface\Resource.rc">
      <Filter>userinterface</Filter>
    </ResourceCompile>
    <ResourceCompile Include="userinterface\VersionInfo.rc">
      <Filter>userinterface</Filter>
    </ResourceCompile>
  </ItemGroup>
  <ItemGroup>
    <CustomBuild Include="userinterface\res\Ribbon.xml">
      <Filter>userinterface\res</Filter>
    </CustomBuild>
  </ItemGroup>
  <ItemGroup>
    <Image Include="userinterface\res\App.ico">
      <Filter>userinterface\res</Filter>
    </Image>
    <Image Include="userinterface\res\app_exit.bmp">
      <Filter>userinterface\res</Filter>
    </Image>
    <Image Include="userinterface\res\edit_copy.bmp">
      <Filter>userinterface\res</Filter>
    </Image>
    <Image Include="userinterface\res\file_open.bmp">
      <Filter>userinterface\res</Filter>
    </Image>
    <Image Include="userinterface\res\window_cascade.bmp">
      <Filter>userinterface\res</Filter>
    </Image>
    <Image Include="userinterface\res\window_horizontal.bmp">
      <Filter>userinterface\res</Filter>
    </Image>
    <Image Include="userinterface\res\window_vertical.bmp">
      <Filter>userinterface\res</Filter>
    </Image>
    <Image Include="userinterface\res\file_close.bmp">
      <Filter>userinterface\res</Filter>
    </Image>
    <Image Include="userinterface\res\node_library.bmp">
      <Filter>userinterface\res</Filter>
    </Image>
    <Image Include="userinterface\res\node_document.bmp">
      <Filter>userinterface\res</Filter>
    </Image>
    <Image Include="userinterface\res\module_app.bmp">
      <Filter>userinterface\res</Filter>
    </Image>
    <Image Include="userinterface\res\module_staticlib.bmp">
      <Filter>userinterface\res</Filter>
    </Image>
    <Image Include="userinterface\res\module_dynamiclib.bmp">
      <Filter>userinterface\res</Filter>
    </Image>
    <Image Include="userinterface\res\module_image.bmp">
      <Filter>userinterface\res</Filter>
    </Image>
    <Image Include="userinterface\res\module_audio.bmp">
      <Filter>userinterface\res</Filter>
    </Image>
    <Image Include="userinterface\res\module_video.bmp">
      <Filter>userinterface\res</Filter>
    </Image>
    <Image Include="userinterface\res\node_binary.bmp">
      <Filter>userinterface\res</Filter>
    </Image>
    <Image Include="userinterface\res\node_item.bmp">
      <Filter>userinterface\res</Filter>
    </Image>
    <Image Include="userinterface\res\node_object.bmp">
      <Filter>userinterface\res</Filter>
    </Image>
    <Image Include="userinterface\res\node_table.bmp">
      <Filter>userinterface\res</Filter>
    </Image>
  </ItemGroup>
</Project>